
Microsoft Visual Studio Solution File, Format Version 12.00
# Visual Studio Version 17
VisualStudioVersion = 17.9.34321.82
MinimumVisualStudioVersion = 10.0.40219.1
Project("{9A19103F-16F7-4668-BE54-9A1E7A4F7556}") = "MauiRepro202312PointerPressedRelative", "MauiRepro202312PointerPressedRelative.csproj", "{1DBB4C58-0383-4CFB-99E4-18E7CC7D00AB}"
EndProject
Global
	GlobalSection(SolutionConfigurationPlatforms) = preSolution
		Debug|Any CPU = Debug|Any CPU
		Release|Any CPU = Release|Any CPU
	EndGlobalSection
	GlobalSection(ProjectConfigurationPlatforms) = postSolution
		{1DBB4C58-0383-4CFB-99E4-18E7CC7D00AB}.Debug|Any CPU.ActiveCfg = Debug|Any CPU
		{1DBB4C58-0383-4CFB-99E4-18E7CC7D00AB}.Debug|Any CPU.Build.0 = Debug|Any CPU
		{1DBB4C58-0383-4CFB-99E4-18E7CC7D00AB}.Debug|Any CPU.Deploy.0 = Debug|Any CPU
		{1DBB4C58-0383-4CFB-99E4-18E7CC7D00AB}.Release|Any CPU.ActiveCfg = Debug|Any CPU
		{1DBB4C58-0383-4CFB-99E4-18E7CC7D00AB}.Release|Any CPU.Build.0 = Debug|Any CPU
		{1DBB4C58-0383-4CFB-99E4-18E7CC7D00AB}.Release|Any CPU.Deploy.0 = Debug|Any CPU
	EndGlobalSection
	GlobalSection(SolutionProperties) = preSolution
		HideSolutionNode = FALSE
	EndGlobalSection
	GlobalSection(ExtensibilityGlobals) = postSolution
		SolutionGuid = {FB41A82A-B3FD-4B25-AFD2-947451E588C2}
	EndGlobalSection
EndGlobal
